
Microsoft Visual Studio Solution File, Format Version 12.00
# Visual Studio Version 16
VisualStudioVersion = 16.0.30907.101
MinimumVisualStudioVersion = 10.0.40219.1
Project("{FAE04EC0-301F-11D3-BF4B-00C04F79EFBC}") = "MyDictionary", "MyDictionary\MyDictionary.csproj", "{0D00C849-F086-4EDD-B14E-489B40F5F062}"
EndProject
Global
	GlobalSection(SolutionConfigurationPlatforms) = preSolution
		Debug|Any CPU = Debug|Any CPU
		Release|Any CPU = Release|Any CPU
	EndGlobalSection
	GlobalSection(ProjectConfigurationPlatforms) = postSolution
		{0D00C849-F086-4EDD-B14E-489B40F5F062}.Debug|Any CPU.ActiveCfg = Debug|Any CPU
		{0D00C849-F086-4EDD-B14E-489B40F5F062}.Debug|Any CPU.Build.0 = Debug|Any CPU
		{0D00C849-F086-4EDD-B14E-489B40F5F062}.Release|Any CPU.ActiveCfg = Release|Any CPU
		{0D00C849-F086-4EDD-B14E-489B40F5F062}.Release|Any CPU.Build.0 = Release|Any CPU
	EndGlobalSection
	GlobalSection(SolutionProperties) = preSolution
		HideSolutionNode = FALSE
	EndGlobalSection
	GlobalSection(ExtensibilityGlobals) = postSolution
		SolutionGuid = {82B3F7CD-D394-4955-A784-7D8164D2B641}
	EndGlobalSection
EndGlobal
